
Microsoft Visual Studio Solution File, Format Version 12.00
# Visual Studio 15
VisualStudioVersion = 15.0.26730.8
MinimumVisualStudioVersion = 10.0.40219.1
Project("{FAE04EC0-301F-11D3-BF4B-00C04F79EFBC}") = "CLScraper.WinForms", "CLScraper.WinForms\CLScraper.WinForms.csproj", "{FA93D5D7-2ACE-4F22-8F7F-904BDEB7BA99}"
EndProject
Project("{FAE04EC0-301F-11D3-BF4B-00C04F79EFBC}") = "CLScraper.Common", "CLScraper.Common\CLScraper.Common.csproj", "{1E816B12-664C-44C0-B606-5D1BA732EB8B}"
EndProject
Project("{FAE04EC0-301F-11D3-BF4B-00C04F79EFBC}") = "MobileCLScraper.Android", "MobileCLScraper\MobileCLScraper.Android\MobileCLScraper.Android.csproj", "{039C5ED7-A1D9-41DD-A65B-AFEFC3ED9346}"
EndProject
Project("{FAE04EC0-301F-11D3-BF4B-00C04F79EFBC}") = "MobileCLScraper", "MobileCLScraper\MobileCLScraper\MobileCLScraper.csproj", "{AD293C2A-21C8-4522-BE02-08492493E9A2}"
EndProject
Project("{FAE04EC0-301F-11D3-BF4B-00C04F79EFBC}") = "MobileCLScraper.UWP", "MobileCLScraper\MobileCLScraper.UWP\MobileCLScraper.UWP.csproj", "{6B4CF942-45AA-46CC-A7FD-F88634A8800C}"
EndProject
Project("{FAE04EC0-301F-11D3-BF4B-00C04F79EFBC}") = "MobileCLScraper.iOS", "MobileCLScraper\MobileCLScraper.iOS\MobileCLScraper.iOS.csproj", "{65D4C8F5-81B0-4693-AEF0-4E0DCA27C8B5}"
EndProject
Global
	GlobalSection(SolutionConfigurationPlatforms) = preSolution
		Ad-Hoc|Any CPU = Ad-Hoc|Any CPU
		Ad-Hoc|ARM = Ad-Hoc|ARM
		Ad-Hoc|iPhone = Ad-Hoc|iPhone
		Ad-Hoc|iPhoneSimulator = Ad-Hoc|iPhoneSimulator
		Ad-Hoc|x64 = Ad-Hoc|x64
		Ad-Hoc|x86 = Ad-Hoc|x86
		AppStore|Any CPU = AppStore|Any CPU
		AppStore|ARM = AppStore|ARM
		AppStore|iPhone = AppStore|iPhone
		AppStore|iPhoneSimulator = AppStore|iPhoneSimulator
		AppStore|x64 = AppStore|x64
		AppStore|x86 = AppStore|x86
		Debug|Any CPU = Debug|Any CPU
		Debug|ARM = Debug|ARM
		Debug|iPhone = Debug|iPhone
		Debug|iPhoneSimulator = Debug|iPhoneSimulator
		Debug|x64 = Debug|x64
		Debug|x86 = Debug|x86
		Release|Any CPU = Release|Any CPU
		Release|ARM = Release|ARM
		Release|iPhone = Release|iPhone
		Release|iPhoneSimulator = Release|iPhoneSimulator
		Release|x64 = Release|x64
		Release|x86 = Release|x86
	EndGlobalSection
	GlobalSection(ProjectConfigurationPlatforms) = postSolution
		{FA93D5D7-2ACE-4F22-8F7F-904BDEB7BA99}.Ad-Hoc|Any CPU.ActiveCfg = Release|x86
		{FA93D5D7-2ACE-4F22-8F7F-904BDEB7BA99}.Ad-Hoc|Any CPU.Build.0 = Release|x86
		{FA93D5D7-2ACE-4F22-8F7F-904BDEB7BA99}.Ad-Hoc|ARM.ActiveCfg = Release|x86
		{FA93D5D7-2ACE-4F22-8F7F-904BDEB7BA99}.Ad-Hoc|ARM.Build.0 = Release|x86
		{FA93D5D7-2ACE-4F22-8F7F-904BDEB7BA99}.Ad-Hoc|iPhone.ActiveCfg = Release|x86
		{FA93D5D7-2ACE-4F22-8F7F-904BDEB7BA99}.Ad-Hoc|iPhone.Build.0 = Release|x86
		{FA93D5D7-2ACE-4F22-8F7F-904BDEB7BA99}.Ad-Hoc|iPhoneSimulator.ActiveCfg = Release|x86
		{FA93D5D7-2ACE-4F22-8F7F-904BDEB7BA99}.Ad-Hoc|iPhoneSimulator.Build.0 = Release|x86
		{FA93D5D7-2ACE-4F22-8F7F-904BDEB7BA99}.Ad-Hoc|x64.ActiveCfg = Release|x86
		{FA93D5D7-2ACE-4F22-8F7F-904BDEB7BA99}.Ad-Hoc|x64.Build.0 = Release|x86
		{FA93D5D7-2ACE-4F22-8F7F-904BDEB7BA99}.Ad-Hoc|x86.ActiveCfg = Release|x86
		{FA93D5D7-2ACE-4F22-8F7F-904BDEB7BA99}.Ad-Hoc|x86.Build.0 = Release|x86
		{FA93D5D7-2ACE-4F22-8F7F-904BDEB7BA99}.AppStore|Any CPU.ActiveCfg = Release|x86
		{FA93D5D7-2ACE-4F22-8F7F-904BDEB7BA99}.AppStore|Any CPU.Build.0 = Release|x86
		{FA93D5D7-2ACE-4F22-8F7F-904BDEB7BA99}.AppStore|ARM.ActiveCfg = Release|x86
		{FA93D5D7-2ACE-4F22-8F7F-904BDEB7BA99}.AppStore|ARM.Build.0 = Release|x86
		{FA93D5D7-2ACE-4F22-8F7F-904BDEB7BA99}.AppStore|iPhone.ActiveCfg = Release|x86
		{FA93D5D7-2ACE-4F22-8F7F-904BDEB7BA99}.AppStore|iPhone.Build.0 = Release|x86
		{FA93D5D7-2ACE-4F22-8F7F-904BDEB7BA99}.AppStore|iPhoneSimulator.ActiveCfg = Release|x86
		{FA93D5D7-2ACE-4F22-8F7F-904BDEB7BA99}.AppStore|iPhoneSimulator.Build.0 = Release|x86
		{FA93D5D7-2ACE-4F22-8F7F-904BDEB7BA99}.AppStore|x64.ActiveCfg = Release|x86
		{FA93D5D7-2ACE-4F22-8F7F-904BDEB7BA99}.AppStore|x64.Build.0 = Release|x86
		{FA93D5D7-2ACE-4F22-8F7F-904BDEB7BA99}.AppStore|x86.ActiveCfg = Release|x86
		{FA93D5D7-2ACE-4F22-8F7F-904BDEB7BA99}.AppStore|x86.Build.0 = Release|x86
		{FA93D5D7-2ACE-4F22-8F7F-904BDEB7BA99}.Debug|Any CPU.ActiveCfg = Debug|x86
		{FA93D5D7-2ACE-4F22-8F7F-904BDEB7BA99}.Debug|Any CPU.Build.0 = Debug|x86
		{FA93D5D7-2ACE-4F22-8F7F-904BDEB7BA99}.Debug|ARM.ActiveCfg = Debug|x86
		{FA93D5D7-2ACE-4F22-8F7F-904BDEB7BA99}.Debug|iPhone.ActiveCfg = Debug|x86
		{FA93D5D7-2ACE-4F22-8F7F-904BDEB7BA99}.Debug|iPhoneSimulator.ActiveCfg = Debug|x86
		{FA93D5D7-2ACE-4F22-8F7F-904BDEB7BA99}.Debug|x64.ActiveCfg = Debug|x86
		{FA93D5D7-2ACE-4F22-8F7F-904BDEB7BA99}.Debug|x86.ActiveCfg = Debug|x86
		{FA93D5D7-2ACE-4F22-8F7F-904BDEB7BA99}.Debug|x86.Build.0 = Debug|x86
		{FA93D5D7-2ACE-4F22-8F7F-904BDEB7BA99}.Release|Any CPU.ActiveCfg = Release|x86
		{FA93D5D7-2ACE-4F22-8F7F-904BDEB7BA99}.Release|ARM.ActiveCfg = Release|x86
		{FA93D5D7-2ACE-4F22-8F7F-904BDEB7BA99}.Release|iPhone.ActiveCfg = Release|x86
		{FA93D5D7-2ACE-4F22-8F7F-904BDEB7BA99}.Release|iPhoneSimulator.ActiveCfg = Release|x86
		{FA93D5D7-2ACE-4F22-8F7F-904BDEB7BA99}.Release|x64.ActiveCfg = Release|x86
		{FA93D5D7-2ACE-4F22-8F7F-904BDEB7BA99}.Release|x86.ActiveCfg = Release|x86
		{FA93D5D7-2ACE-4F22-8F7F-904BDEB7BA99}.Release|x86.Build.0 = Release|x86
		{1E816B12-664C-44C0-B606-5D1BA732EB8B}.Ad-Hoc|Any CPU.ActiveCfg = Release|Any CPU
		{1E816B12-664C-44C0-B606-5D1BA732EB8B}.Ad-Hoc|Any CPU.Build.0 = Release|Any CPU
		{1E816B12-664C-44C0-B606-5D1BA732EB8B}.Ad-Hoc|ARM.ActiveCfg = Release|Any CPU
		{1E816B12-664C-44C0-B606-5D1BA732EB8B}.Ad-Hoc|ARM.Build.0 = Release|Any CPU
		{1E816B12-664C-44C0-B606-5D1BA732EB8B}.Ad-Hoc|iPhone.ActiveCfg = Release|Any CPU
		{1E816B12-664C-44C0-B606-5D1BA732EB8B}.Ad-Hoc|iPhone.Build.0 = Release|Any CPU
		{1E816B12-664C-44C0-B606-5D1BA732EB8B}.Ad-Hoc|iPhoneSimulator.ActiveCfg = Release|Any CPU
		{1E816B12-664C-44C0-B606-5D1BA732EB8B}.Ad-Hoc|iPhoneSimulator.Build.0 = Release|Any CPU
		{1E816B12-664C-44C0-B606-5D1BA732EB8B}.Ad-Hoc|x64.ActiveCfg = Release|Any CPU
		{1E816B12-664C-44C0-B606-5D1BA732EB8B}.Ad-Hoc|x64.Build.0 = Release|Any CPU
		{1E816B12-664C-44C0-B606-5D1BA732EB8B}.Ad-Hoc|x86.ActiveCfg = Release|Any CPU
		{1E816B12-664C-44C0-B606-5D1BA732EB8B}.Ad-Hoc|x86.Build.0 = Release|Any CPU
		{1E816B12-664C-44C0-B606-5D1BA732EB8B}.AppStore|Any CPU.ActiveCfg = Release|Any CPU
		{1E816B12-664C-44C0-B606-5D1BA732EB8B}.AppStore|Any CPU.Build.0 = Release|Any CPU
		{1E816B12-664C-44C0-B606-5D1BA732EB8B}.AppStore|ARM.ActiveCfg = Release|Any CPU
		{1E816B12-664C-44C0-B606-5D1BA732EB8B}.AppStore|ARM.Build.0 = Release|Any CPU
		{1E816B12-664C-44C0-B606-5D1BA732EB8B}.AppStore|iPhone.ActiveCfg = Release|Any CPU
		{1E816B12-664C-44C0-B606-5D1BA732EB8B}.AppStore|iPhone.Build.0 = Release|Any CPU
		{1E816B12-664C-44C0-B606-5D1BA732EB8B}.AppStore|iPhoneSimulator.ActiveCfg = Release|Any CPU
		{1E816B12-664C-44C0-B606-5D1BA732EB8B}.AppStore|iPhoneSimulator.Build.0 = Release|Any CPU
		{1E816B12-664C-44C0-B606-5D1BA732EB8B}.AppStore|x64.ActiveCfg = Release|Any CPU
		{1E816B12-664C-44C0-B606-5D1BA732EB8B}.AppStore|x64.Build.0 = Release|Any CPU
		{1E816B12-664C-44C0-B606-5D1BA732EB8B}.AppStore|x86.ActiveCfg = Release|Any CPU
		{1E816B12-664C-44C0-B606-5D1BA732EB8B}.AppStore|x86.Build.0 = Release|Any CPU
		{1E816B12-664C-44C0-B606-5D1BA732EB8B}.Debug|Any CPU.ActiveCfg = Debug|Any CPU
		{1E816B12-664C-44C0-B606-5D1BA732EB8B}.Debug|Any CPU.Build.0 = Debug|Any CPU
		{1E816B12-664C-44C0-B606-5D1BA732EB8B}.Debug|ARM.ActiveCfg = Debug|Any CPU
		{1E816B12-664C-44C0-B606-5D1BA732EB8B}.Debug|ARM.Build.0 = Debug|Any CPU
		{1E816B12-664C-44C0-B606-5D1BA732EB8B}.Debug|iPhone.ActiveCfg = Debug|Any CPU
		{1E816B12-664C-44C0-B606-5D1BA732EB8B}.Debug|iPhone.Build.0 = Debug|Any CPU
		{1E816B12-664C-44C0-B606-5D1BA732EB8B}.Debug|iPhoneSimulator.ActiveCfg = Debug|Any CPU
		{1E816B12-664C-44C0-B606-5D1BA732EB8B}.Debug|iPhoneSimulator.Build.0 = Debug|Any CPU
		{1E816B12-664C-44C0-B606-5D1BA732EB8B}.Debug|x64.ActiveCfg = Debug|Any CPU
		{1E816B12-664C-44C0-B606-5D1BA732EB8B}.Debug|x64.Build.0 = Debug|Any CPU
		{1E816B12-664C-44C0-B606-5D1BA732EB8B}.Debug|x86.ActiveCfg = Debug|Any CPU
		{1E816B12-664C-44C0-B606-5D1BA732EB8B}.Debug|x86.Build.0 = Debug|Any CPU
		{1E816B12-664C-44C0-B606-5D1BA732EB8B}.Release|Any CPU.ActiveCfg = Release|Any CPU
		{1E816B12-664C-44C0-B606-5D1BA732EB8B}.Release|Any CPU.Build.0 = Release|Any CPU
		{1E816B12-664C-44C0-B606-5D1BA732EB8B}.Release|ARM.ActiveCfg = Release|Any CPU
		{1E816B12-664C-44C0-B606-5D1BA732EB8B}.Release|ARM.Build.0 = Release|Any CPU
		{1E816B12-664C-44C0-B606-5D1BA732EB8B}.Release|iPhone.ActiveCfg = Release|Any CPU
		{1E816B12-664C-44C0-B606-5D1BA732EB8B}.Release|iPhone.Build.0 = Release|Any CPU
		{1E816B12-664C-44C0-B606-5D1BA732EB8B}.Release|iPhoneSimulator.ActiveCfg = Release|Any CPU
		{1E816B12-664C-44C0-B606-5D1BA732EB8B}.Release|iPhoneSimulator.Build.0 = Release|Any CPU
		{1E816B12-664C-44C0-B606-5D1BA732EB8B}.Release|x64.ActiveCfg = Release|Any CPU
		{1E816B12-664C-44C0-B606-5D1BA732EB8B}.Release|x64.Build.0 = Release|Any CPU
		{1E816B12-664C-44C0-B606-5D1BA732EB8B}.Release|x86.ActiveCfg = Release|Any CPU
		{1E816B12-664C-44C0-B606-5D1BA732EB8B}.Release|x86.Build.0 = Release|Any CPU
		{039C5ED7-A1D9-41DD-A65B-AFEFC3ED9346}.Ad-Hoc|Any CPU.ActiveCfg = Release|Any CPU
		{039C5ED7-A1D9-41DD-A65B-AFEFC3ED9346}.Ad-Hoc|Any CPU.Build.0 = Release|Any CPU
		{039C5ED7-A1D9-41DD-A65B-AFEFC3ED9346}.Ad-Hoc|Any CPU.Deploy.0 = Release|Any CPU
		{039C5ED7-A1D9-41DD-A65B-AFEFC3ED9346}.Ad-Hoc|ARM.ActiveCfg = Release|Any CPU
		{039C5ED7-A1D9-41DD-A65B-AFEFC3ED9346}.Ad-Hoc|ARM.Build.0 = Release|Any CPU
		{039C5ED7-A1D9-41DD-A65B-AFEFC3ED9346}.Ad-Hoc|ARM.Deploy.0 = Release|Any CPU
		{039C5ED7-A1D9-41DD-A65B-AFEFC3ED9346}.Ad-Hoc|iPhone.ActiveCfg = Release|Any CPU
		{039C5ED7-A1D9-41DD-A65B-AFEFC3ED9346}.Ad-Hoc|iPhone.Build.0 = Release|Any CPU
		{039C5ED7-A1D9-41DD-A65B-AFEFC3ED9346}.Ad-Hoc|iPhone.Deploy.0 = Release|Any CPU
		{039C5ED7-A1D9-41DD-A65B-AFEFC3ED9346}.Ad-Hoc|iPhoneSimulator.ActiveCfg = Release|Any CPU
		{039C5ED7-A1D9-41DD-A65B-AFEFC3ED9346}.Ad-Hoc|iPhoneSimulator.Build.0 = Release|Any CPU
		{039C5ED7-A1D9-41DD-A65B-AFEFC3ED9346}.Ad-Hoc|iPhoneSimulator.Deploy.0 = Release|Any CPU
		{039C5ED7-A1D9-41DD-A65B-AFEFC3ED9346}.Ad-Hoc|x64.ActiveCfg = Release|Any CPU
		{039C5ED7-A1D9-41DD-A65B-AFEFC3ED9346}.Ad-Hoc|x64.Build.0 = Release|Any CPU
		{039C5ED7-A1D9-41DD-A65B-AFEFC3ED9346}.Ad-Hoc|x64.Deploy.0 = Release|Any CPU
		{039C5ED7-A1D9-41DD-A65B-AFEFC3ED9346}.Ad-Hoc|x86.ActiveCfg = Release|Any CPU
		{039C5ED7-A1D9-41DD-A65B-AFEFC3ED9346}.Ad-Hoc|x86.Build.0 = Release|Any CPU
		{039C5ED7-A1D9-41DD-A65B-AFEFC3ED9346}.Ad-Hoc|x86.Deploy.0 = Release|Any CPU
		{039C5ED7-A1D9-41DD-A65B-AFEFC3ED9346}.AppStore|Any CPU.ActiveCfg = Release|Any CPU
		{039C5ED7-A1D9-41DD-A65B-AFEFC3ED9346}.AppStore|Any CPU.Build.0 = Release|Any CPU
		{039C5ED7-A1D9-41DD-A65B-AFEFC3ED9346}.AppStore|Any CPU.Deploy.0 = Release|Any CPU
		{039C5ED7-A1D9-41DD-A65B-AFEFC3ED9346}.AppStore|ARM.ActiveCfg = Release|Any CPU
		{039C5ED7-A1D9-41DD-A65B-AFEFC3ED9346}.AppStore|ARM.Build.0 = Release|Any CPU
		{039C5ED7-A1D9-41DD-A65B-AFEFC3ED9346}.AppStore|ARM.Deploy.0 = Release|Any CPU
		{039C5ED7-A1D9-41DD-A65B-AFEFC3ED9346}.AppStore|iPhone.ActiveCfg = Release|Any CPU
		{039C5ED7-A1D9-41DD-A65B-AFEFC3ED9346}.AppStore|iPhone.Build.0 = Release|Any CPU
		{039C5ED7-A1D9-41DD-A65B-AFEFC3ED9346}.AppStore|iPhone.Deploy.0 = Release|Any CPU
		{039C5ED7-A1D9-41DD-A65B-AFEFC3ED9346}.AppStore|iPhoneSimulator.ActiveCfg = Release|Any CPU
		{039C5ED7-A1D9-41DD-A65B-AFEFC3ED9346}.AppStore|iPhoneSimulator.Build.0 = Release|Any CPU
		{039C5ED7-A1D9-41DD-A65B-AFEFC3ED9346}.AppStore|iPhoneSimulator.Deploy.0 = Release|Any CPU
		{039C5ED7-A1D9-41DD-A65B-AFEFC3ED9346}.AppStore|x64.ActiveCfg = Release|Any CPU
		{039C5ED7-A1D9-41DD-A65B-AFEFC3ED9346}.AppStore|x64.Build.0 = Release|Any CPU
		{039C5ED7-A1D9-41DD-A65B-AFEFC3ED9346}.AppStore|x64.Deploy.0 = Release|Any CPU
		{039C5ED7-A1D9-41DD-A65B-AFEFC3ED9346}.AppStore|x86.ActiveCfg = Release|Any CPU
		{039C5ED7-A1D9-41DD-A65B-AFEFC3ED9346}.AppStore|x86.Build.0 = Release|Any CPU
		{039C5ED7-A1D9-41DD-A65B-AFEFC3ED9346}.AppStore|x86.Deploy.0 = Release|Any CPU
		{039C5ED7-A1D9-41DD-A65B-AFEFC3ED9346}.Debug|Any CPU.ActiveCfg = Debug|Any CPU
		{039C5ED7-A1D9-41DD-A65B-AFEFC3ED9346}.Debug|Any CPU.Build.0 = Debug|Any CPU
		{039C5ED7-A1D9-41DD-A65B-AFEFC3ED9346}.Debug|Any CPU.Deploy.0 = Debug|Any CPU
		{039C5ED7-A1D9-41DD-A65B-AFEFC3ED9346}.Debug|ARM.ActiveCfg = Debug|Any CPU
		{039C5ED7-A1D9-41DD-A65B-AFEFC3ED9346}.Debug|ARM.Build.0 = Debug|Any CPU
		{039C5ED7-A1D9-41DD-A65B-AFEFC3ED9346}.Debug|ARM.Deploy.0 = Debug|Any CPU
		{039C5ED7-A1D9-41DD-A65B-AFEFC3ED9346}.Debug|iPhone.ActiveCfg = Debug|Any CPU
		{039C5ED7-A1D9-41DD-A65B-AFEFC3ED9346}.Debug|iPhone.Build.0 = Debug|Any CPU
		{039C5ED7-A1D9-41DD-A65B-AFEFC3ED9346}.Debug|iPhone.Deploy.0 = Debug|Any CPU
		{039C5ED7-A1D9-41DD-A65B-AFEFC3ED9346}.Debug|iPhoneSimulator.ActiveCfg = Debug|Any CPU
		{039C5ED7-A1D9-41DD-A65B-AFEFC3ED9346}.Debug|iPhoneSimulator.Build.0 = Debug|Any CPU
		{039C5ED7-A1D9-41DD-A65B-AFEFC3ED9346}.Debug|iPhoneSimulator.Deploy.0 = Debug|Any CPU
		{039C5ED7-A1D9-41DD-A65B-AFEFC3ED9346}.Debug|x64.ActiveCfg = Debug|Any CPU
		{039C5ED7-A1D9-41DD-A65B-AFEFC3ED9346}.Debug|x64.Build.0 = Debug|Any CPU
		{039C5ED7-A1D9-41DD-A65B-AFEFC3ED9346}.Debug|x64.Deploy.0 = Debug|Any CPU
		{039C5ED7-A1D9-41DD-A65B-AFEFC3ED9346}.Debug|x86.ActiveCfg = Debug|Any CPU
		{039C5ED7-A1D9-41DD-A65B-AFEFC3ED9346}.Debug|x86.Build.0 = Debug|Any CPU
		{039C5ED7-A1D9-41DD-A65B-AFEFC3ED9346}.Debug|x86.Deploy.0 = Debug|Any CPU
		{039C5ED7-A1D9-41DD-A65B-AFEFC3ED9346}.Release|Any CPU.ActiveCfg = Release|Any CPU
		{039C5ED7-A1D9-41DD-A65B-AFEFC3ED9346}.Release|Any CPU.Build.0 = Release|Any CPU
		{039C5ED7-A1D9-41DD-A65B-AFEFC3ED9346}.Release|Any CPU.Deploy.0 = Release|Any CPU
		{039C5ED7-A1D9-41DD-A65B-AFEFC3ED9346}.Release|ARM.ActiveCfg = Release|Any CPU
		{039C5ED7-A1D9-41DD-A65B-AFEFC3ED9346}.Release|ARM.Build.0 = Release|Any CPU
		{039C5ED7-A1D9-41DD-A65B-AFEFC3ED9346}.Release|ARM.Deploy.0 = Release|Any CPU
		{039C5ED7-A1D9-41DD-A65B-AFEFC3ED9346}.Release|iPhone.ActiveCfg = Release|Any CPU
		{039C5ED7-A1D9-41DD-A65B-AFEFC3ED9346}.Release|iPhone.Build.0 = Release|Any CPU
		{039C5ED7-A1D9-41DD-A65B-AFEFC3ED9346}.Release|iPhone.Deploy.0 = Release|Any CPU
		{039C5ED7-A1D9-41DD-A65B-AFEFC3ED9346}.Release|iPhoneSimulator.ActiveCfg = Release|Any CPU
		{039C5ED7-A1D9-41DD-A65B-AFEFC3ED9346}.Release|iPhoneSimulator.Build.0 = Release|Any CPU
		{039C5ED7-A1D9-41DD-A65B-AFEFC3ED9346}.Release|iPhoneSimulator.Deploy.0 = Release|Any CPU
		{039C5ED7-A1D9-41DD-A65B-AFEFC3ED9346}.Release|x64.ActiveCfg = Release|Any CPU
		{039C5ED7-A1D9-41DD-A65B-AFEFC3ED9346}.Release|x64.Build.0 = Release|Any CPU
		{039C5ED7-A1D9-41DD-A65B-AFEFC3ED9346}.Release|x64.Deploy.0 = Release|Any CPU
		{039C5ED7-A1D9-41DD-A65B-AFEFC3ED9346}.Release|x86.ActiveCfg = Release|Any CPU
		{039C5ED7-A1D9-41DD-A65B-AFEFC3ED9346}.Release|x86.Build.0 = Release|Any CPU
		{039C5ED7-A1D9-41DD-A65B-AFEFC3ED9346}.Release|x86.Deploy.0 = Release|Any CPU
		{AD293C2A-21C8-4522-BE02-08492493E9A2}.Ad-Hoc|Any CPU.ActiveCfg = Release|Any CPU
		{AD293C2A-21C8-4522-BE02-08492493E9A2}.Ad-Hoc|Any CPU.Build.0 = Release|Any CPU
		{AD293C2A-21C8-4522-BE02-08492493E9A2}.Ad-Hoc|ARM.ActiveCfg = Release|Any CPU
		{AD293C2A-21C8-4522-BE02-08492493E9A2}.Ad-Hoc|ARM.Build.0 = Release|Any CPU
		{AD293C2A-21C8-4522-BE02-08492493E9A2}.Ad-Hoc|iPhone.ActiveCfg = Release|Any CPU
		{AD293C2A-21C8-4522-BE02-08492493E9A2}.Ad-Hoc|iPhone.Build.0 = Release|Any CPU
		{AD293C2A-21C8-4522-BE02-08492493E9A2}.Ad-Hoc|iPhoneSimulator.ActiveCfg = Release|Any CPU
		{AD293C2A-21C8-4522-BE02-08492493E9A2}.Ad-Hoc|iPhoneSimulator.Build.0 = Release|Any CPU
		{AD293C2A-21C8-4522-BE02-08492493E9A2}.Ad-Hoc|x64.ActiveCfg = Release|Any CPU
		{AD293C2A-21C8-4522-BE02-08492493E9A2}.Ad-Hoc|x64.Build.0 = Release|Any CPU
		{AD293C2A-21C8-4522-BE02-08492493E9A2}.Ad-Hoc|x86.ActiveCfg = Release|Any CPU
		{AD293C2A-21C8-4522-BE02-08492493E9A2}.Ad-Hoc|x86.Build.0 = Release|Any CPU
		{AD293C2A-21C8-4522-BE02-08492493E9A2}.AppStore|Any CPU.ActiveCfg = Release|Any CPU
		{AD293C2A-21C8-4522-BE02-08492493E9A2}.AppStore|Any CPU.Build.0 = Release|Any CPU
		{AD293C2A-21C8-4522-BE02-08492493E9A2}.AppStore|ARM.ActiveCfg = Release|Any CPU
		{AD293C2A-21C8-4522-BE02-08492493E9A2}.AppStore|ARM.Build.0 = Release|Any CPU
		{AD293C2A-21C8-4522-BE02-08492493E9A2}.AppStore|iPhone.ActiveCfg = Release|Any CPU
		{AD293C2A-21C8-4522-BE02-08492493E9A2}.AppStore|iPhone.Build.0 = Release|Any CPU
		{AD293C2A-21C8-4522-BE02-08492493E9A2}.AppStore|iPhoneSimulator.ActiveCfg = Release|Any CPU
		{AD293C2A-21C8-4522-BE02-08492493E9A2}.AppStore|iPhoneSimulator.Build.0 = Release|Any CPU
		{AD293C2A-21C8-4522-BE02-08492493E9A2}.AppStore|x64.ActiveCfg = Release|Any CPU
		{AD293C2A-21C8-4522-BE02-08492493E9A2}.AppStore|x64.Build.0 = Release|Any CPU
		{AD293C2A-21C8-4522-BE02-08492493E9A2}.AppStore|x86.ActiveCfg = Release|Any CPU
		{AD293C2A-21C8-4522-BE02-08492493E9A2}.AppStore|x86.Build.0 = Release|Any CPU
		{AD293C2A-21C8-4522-BE02-08492493E9A2}.Debug|Any CPU.ActiveCfg = Debug|Any CPU
		{AD293C2A-21C8-4522-BE02-08492493E9A2}.Debug|Any CPU.Build.0 = Debug|Any CPU
		{AD293C2A-21C8-4522-BE02-08492493E9A2}.Debug|ARM.ActiveCfg = Debug|Any CPU
		{AD293C2A-21C8-4522-BE02-08492493E9A2}.Debug|ARM.Build.0 = Debug|Any CPU
		{AD293C2A-21C8-4522-BE02-08492493E9A2}.Debug|iPhone.ActiveCfg = Debug|Any CPU
		{AD293C2A-21C8-4522-BE02-08492493E9A2}.Debug|iPhone.Build.0 = Debug|Any CPU
		{AD293C2A-21C8-4522-BE02-08492493E9A2}.Debug|iPhoneSimulator.ActiveCfg = Debug|Any CPU
		{AD293C2A-21C8-4522-BE02-08492493E9A2}.Debug|iPhoneSimulator.Build.0 = Debug|Any CPU
		{AD293C2A-21C8-4522-BE02-08492493E9A2}.Debug|x64.ActiveCfg = Debug|Any CPU
		{AD293C2A-21C8-4522-BE02-08492493E9A2}.Debug|x64.Build.0 = Debug|Any CPU
		{AD293C2A-21C8-4522-BE02-08492493E9A2}.Debug|x86.ActiveCfg = Debug|Any CPU
		{AD293C2A-21C8-4522-BE02-08492493E9A2}.Debug|x86.Build.0 = Debug|Any CPU
		{AD293C2A-21C8-4522-BE02-08492493E9A2}.Release|Any CPU.ActiveCfg = Release|Any CPU
		{AD293C2A-21C8-4522-BE02-08492493E9A2}.Release|Any CPU.Build.0 = Release|Any CPU
		{AD293C2A-21C8-4522-BE02-08492493E9A2}.Release|ARM.ActiveCfg = Release|Any CPU
		{AD293C2A-21C8-4522-BE02-08492493E9A2}.Release|ARM.Build.0 = Release|Any CPU
		{AD293C2A-21C8-4522-BE02-08492493E9A2}.Release|iPhone.ActiveCfg = Release|Any CPU
		{AD293C2A-21C8-4522-BE02-08492493E9A2}.Release|iPhone.Build.0 = Release|Any CPU
		{AD293C2A-21C8-4522-BE02-08492493E9A2}.Release|iPhoneSimulator.ActiveCfg = Release|Any CPU
		{AD293C2A-21C8-4522-BE02-08492493E9A2}.Release|iPhoneSimulator.Build.0 = Release|Any CPU
		{AD293C2A-21C8-4522-BE02-08492493E9A2}.Release|x64.ActiveCfg = Release|Any CPU
		{AD293C2A-21C8-4522-BE02-08492493E9A2}.Release|x64.Build.0 = Release|Any CPU
		{AD293C2A-21C8-4522-BE02-08492493E9A2}.Release|x86.ActiveCfg = Release|Any CPU
		{AD293C2A-21C8-4522-BE02-08492493E9A2}.Release|x86.Build.0 = Release|Any CPU
		{6B4CF942-45AA-46CC-A7FD-F88634A8800C}.Ad-Hoc|Any CPU.ActiveCfg = Release|x86
		{6B4CF942-45AA-46CC-A7FD-F88634A8800C}.Ad-Hoc|Any CPU.Build.0 = Release|x86
		{6B4CF942-45AA-46CC-A7FD-F88634A8800C}.Ad-Hoc|Any CPU.Deploy.0 = Release|x86
		{6B4CF942-45AA-46CC-A7FD-F88634A8800C}.Ad-Hoc|ARM.ActiveCfg = Release|ARM
		{6B4CF942-45AA-46CC-A7FD-F88634A8800C}.Ad-Hoc|ARM.Build.0 = Release|ARM
		{6B4CF942-45AA-46CC-A7FD-F88634A8800C}.Ad-Hoc|ARM.Deploy.0 = Release|ARM
		{6B4CF942-45AA-46CC-A7FD-F88634A8800C}.Ad-Hoc|iPhone.ActiveCfg = Release|x86
		{6B4CF942-45AA-46CC-A7FD-F88634A8800C}.Ad-Hoc|iPhone.Build.0 = Release|x86
		{6B4CF942-45AA-46CC-A7FD-F88634A8800C}.Ad-Hoc|iPhone.Deploy.0 = Release|x86
		{6B4CF942-45AA-46CC-A7FD-F88634A8800C}.Ad-Hoc|iPhoneSimulator.ActiveCfg = Release|x86
		{6B4CF942-45AA-46CC-A7FD-F88634A8800C}.Ad-Hoc|iPhoneSimulator.Build.0 = Release|x86
		{6B4CF942-45AA-46CC-A7FD-F88634A8800C}.Ad-Hoc|iPhoneSimulator.Deploy.0 = Release|x86
		{6B4CF942-45AA-46CC-A7FD-F88634A8800C}.Ad-Hoc|x64.ActiveCfg = Release|x64
		{6B4CF942-45AA-46CC-A7FD-F88634A8800C}.Ad-Hoc|x64.Build.0 = Release|x64
		{6B4CF942-45AA-46CC-A7FD-F88634A8800C}.Ad-Hoc|x64.Deploy.0 = Release|x64
		{6B4CF942-45AA-46CC-A7FD-F88634A8800C}.Ad-Hoc|x86.ActiveCfg = Release|x86
		{6B4CF942-45AA-46CC-A7FD-F88634A8800C}.Ad-Hoc|x86.Build.0 = Release|x86
		{6B4CF942-45AA-46CC-A7FD-F88634A8800C}.Ad-Hoc|x86.Deploy.0 = Release|x86
		{6B4CF942-45AA-46CC-A7FD-F88634A8800C}.AppStore|Any CPU.ActiveCfg = Release|x86
		{6B4CF942-45AA-46CC-A7FD-F88634A8800C}.AppStore|Any CPU.Build.0 = Release|x86
		{6B4CF942-45AA-46CC-A7FD-F88634A8800C}.AppStore|Any CPU.Deploy.0 = Release|x86
		{6B4CF942-45AA-46CC-A7FD-F88634A8800C}.AppStore|ARM.ActiveCfg = Release|ARM
		{6B4CF942-45AA-46CC-A7FD-F88634A8800C}.AppStore|ARM.Build.0 = Release|ARM
		{6B4CF942-45AA-46CC-A7FD-F88634A8800C}.AppStore|ARM.Deploy.0 = Release|ARM
		{6B4CF942-45AA-46CC-A7FD-F88634A8800C}.AppStore|iPhone.ActiveCfg = Release|x86
		{6B4CF942-45AA-46CC-A7FD-F88634A8800C}.AppStore|iPhone.Build.0 = Release|x86
		{6B4CF942-45AA-46CC-A7FD-F88634A8800C}.AppStore|iPhone.Deploy.0 = Release|x86
		{6B4CF942-45AA-46CC-A7FD-F88634A8800C}.AppStore|iPhoneSimulator.ActiveCfg = Release|x86
		{6B4CF942-45AA-46CC-A7FD-F88634A8800C}.AppStore|iPhoneSimulator.Build.0 = Release|x86
		{6B4CF942-45AA-46CC-A7FD-F88634A8800C}.AppStore|iPhoneSimulator.Deploy.0 = Release|x86
		{6B4CF942-45AA-46CC-A7FD-F88634A8800C}.AppStore|x64.ActiveCfg = Release|x64
		{6B4CF942-45AA-46CC-A7FD-F88634A8800C}.AppStore|x64.Build.0 = Release|x64
		{6B4CF942-45AA-46CC-A7FD-F88634A8800C}.AppStore|x64.Deploy.0 = Release|x64
		{6B4CF942-45AA-46CC-A7FD-F88634A8800C}.AppStore|x86.ActiveCfg = Release|x86
		{6B4CF942-45AA-46CC-A7FD-F88634A8800C}.AppStore|x86.Build.0 = Release|x86
		{6B4CF942-45AA-46CC-A7FD-F88634A8800C}.AppStore|x86.Deploy.0 = Release|x86
		{6B4CF942-45AA-46CC-A7FD-F88634A8800C}.Debug|Any CPU.ActiveCfg = Debug|x86
		{6B4CF942-45AA-46CC-A7FD-F88634A8800C}.Debug|Any CPU.Build.0 = Debug|x86
		{6B4CF942-45AA-46CC-A7FD-F88634A8800C}.Debug|Any CPU.Deploy.0 = Debug|x86
		{6B4CF942-45AA-46CC-A7FD-F88634A8800C}.Debug|ARM.ActiveCfg = Debug|ARM
		{6B4CF942-45AA-46CC-A7FD-F88634A8800C}.Debug|ARM.Build.0 = Debug|ARM
		{6B4CF942-45AA-46CC-A7FD-F88634A8800C}.Debug|ARM.Deploy.0 = Debug|ARM
		{6B4CF942-45AA-46CC-A7FD-F88634A8800C}.Debug|iPhone.ActiveCfg = Debug|x86
		{6B4CF942-45AA-46CC-A7FD-F88634A8800C}.Debug|iPhoneSimulator.ActiveCfg = Debug|x86
		{6B4CF942-45AA-46CC-A7FD-F88634A8800C}.Debug|x64.ActiveCfg = Debug|x64
		{6B4CF942-45AA-46CC-A7FD-F88634A8800C}.Debug|x64.Build.0 = Debug|x64
		{6B4CF942-45AA-46CC-A7FD-F88634A8800C}.Debug|x64.Deploy.0 = Debug|x64
		{6B4CF942-45AA-46CC-A7FD-F88634A8800C}.Debug|x86.ActiveCfg = Debug|x86
		{6B4CF942-45AA-46CC-A7FD-F88634A8800C}.Debug|x86.Build.0 = Debug|x86
		{6B4CF942-45AA-46CC-A7FD-F88634A8800C}.Debug|x86.Deploy.0 = Debug|x86
		{6B4CF942-45AA-46CC-A7FD-F88634A8800C}.Release|Any CPU.ActiveCfg = Release|x86
		{6B4CF942-45AA-46CC-A7FD-F88634A8800C}.Release|ARM.ActiveCfg = Release|ARM
		{6B4CF942-45AA-46CC-A7FD-F88634A8800C}.Release|ARM.Build.0 = Release|ARM
		{6B4CF942-45AA-46CC-A7FD-F88634A8800C}.Release|ARM.Deploy.0 = Release|ARM
		{6B4CF942-45AA-46CC-A7FD-F88634A8800C}.Release|iPhone.ActiveCfg = Release|x86
		{6B4CF942-45AA-46CC-A7FD-F88634A8800C}.Release|iPhoneSimulator.ActiveCfg = Release|x86
		{6B4CF942-45AA-46CC-A7FD-F88634A8800C}.Release|x64.ActiveCfg = Release|x64
		{6B4CF942-45AA-46CC-A7FD-F88634A8800C}.Release|x64.Build.0 = Release|x64
		{6B4CF942-45AA-46CC-A7FD-F88634A8800C}.Release|x64.Deploy.0 = Release|x64
		{6B4CF942-45AA-46CC-A7FD-F88634A8800C}.Release|x86.ActiveCfg = Release|x86
		{6B4CF942-45AA-46CC-A7FD-F88634A8800C}.Release|x86.Build.0 = Release|x86
		{6B4CF942-45AA-46CC-A7FD-F88634A8800C}.Release|x86.Deploy.0 = Release|x86
		{65D4C8F5-81B0-4693-AEF0-4E0DCA27C8B5}.Ad-Hoc|Any CPU.ActiveCfg = Ad-Hoc|iPhone
		{65D4C8F5-81B0-4693-AEF0-4E0DCA27C8B5}.Ad-Hoc|ARM.ActiveCfg = Ad-Hoc|iPhone
		{65D4C8F5-81B0-4693-AEF0-4E0DCA27C8B5}.Ad-Hoc|iPhone.ActiveCfg = Ad-Hoc|iPhone
		{65D4C8F5-81B0-4693-AEF0-4E0DCA27C8B5}.Ad-Hoc|iPhone.Build.0 = Ad-Hoc|iPhone
		{65D4C8F5-81B0-4693-AEF0-4E0DCA27C8B5}.Ad-Hoc|iPhoneSimulator.ActiveCfg = Ad-Hoc|iPhoneSimulator
		{65D4C8F5-81B0-4693-AEF0-4E0DCA27C8B5}.Ad-Hoc|iPhoneSimulator.Build.0 = Ad-Hoc|iPhoneSimulator
		{65D4C8F5-81B0-4693-AEF0-4E0DCA27C8B5}.Ad-Hoc|x64.ActiveCfg = Ad-Hoc|iPhone
		{65D4C8F5-81B0-4693-AEF0-4E0DCA27C8B5}.Ad-Hoc|x86.ActiveCfg = Ad-Hoc|iPhone
		{65D4C8F5-81B0-4693-AEF0-4E0DCA27C8B5}.AppStore|Any CPU.ActiveCfg = AppStore|iPhone
		{65D4C8F5-81B0-4693-AEF0-4E0DCA27C8B5}.AppStore|ARM.ActiveCfg = AppStore|iPhone
		{65D4C8F5-81B0-4693-AEF0-4E0DCA27C8B5}.AppStore|iPhone.ActiveCfg = AppStore|iPhone
		{65D4C8F5-81B0-4693-AEF0-4E0DCA27C8B5}.AppStore|iPhone.Build.0 = AppStore|iPhone
		{65D4C8F5-81B0-4693-AEF0-4E0DCA27C8B5}.AppStore|iPhoneSimulator.ActiveCfg = AppStore|iPhoneSimulator
		{65D4C8F5-81B0-4693-AEF0-4E0DCA27C8B5}.AppStore|iPhoneSimulator.Build.0 = AppStore|iPhoneSimulator
		{65D4C8F5-81B0-4693-AEF0-4E0DCA27C8B5}.AppStore|x64.ActiveCfg = AppStore|iPhone
		{65D4C8F5-81B0-4693-AEF0-4E0DCA27C8B5}.AppStore|x86.ActiveCfg = AppStore|iPhone
		{65D4C8F5-81B0-4693-AEF0-4E0DCA27C8B5}.Debug|Any CPU.ActiveCfg = Debug|iPhoneSimulator
		{65D4C8F5-81B0-4693-AEF0-4E0DCA27C8B5}.Debug|Any CPU.Build.0 = Debug|iPhoneSimulator
		{65D4C8F5-81B0-4693-AEF0-4E0DCA27C8B5}.Debug|ARM.ActiveCfg = Debug|iPhone
		{65D4C8F5-81B0-4693-AEF0-4E0DCA27C8B5}.Debug|iPhone.ActiveCfg = Debug|iPhone
		{65D4C8F5-81B0-4693-AEF0-4E0DCA27C8B5}.Debug|iPhone.Build.0 = Debug|iPhone
		{65D4C8F5-81B0-4693-AEF0-4E0DCA27C8B5}.Debug|iPhoneSimulator.ActiveCfg = Debug|iPhoneSimulator
		{65D4C8F5-81B0-4693-AEF0-4E0DCA27C8B5}.Debug|iPhoneSimulator.Build.0 = Debug|iPhoneSimulator
		{65D4C8F5-81B0-4693-AEF0-4E0DCA27C8B5}.Debug|x64.ActiveCfg = Debug|iPhone
		{65D4C8F5-81B0-4693-AEF0-4E0DCA27C8B5}.Debug|x86.ActiveCfg = Debug|iPhone
		{65D4C8F5-81B0-4693-AEF0-4E0DCA27C8B5}.Release|Any CPU.ActiveCfg = Release|iPhone
		{65D4C8F5-81B0-4693-AEF0-4E0DCA27C8B5}.Release|ARM.ActiveCfg = Release|iPhone
		{65D4C8F5-81B0-4693-AEF0-4E0DCA27C8B5}.Release|iPhone.ActiveCfg = Release|iPhone
		{65D4C8F5-81B0-4693-AEF0-4E0DCA27C8B5}.Release|iPhone.Build.0 = Release|iPhone
		{65D4C8F5-81B0-4693-AEF0-4E0DCA27C8B5}.Release|iPhoneSimulator.ActiveCfg = Release|iPhoneSimulator
		{65D4C8F5-81B0-4693-AEF0-4E0DCA27C8B5}.Release|iPhoneSimulator.Build.0 = Release|iPhoneSimulator
		{65D4C8F5-81B0-4693-AEF0-4E0DCA27C8B5}.Release|x64.ActiveCfg = Release|iPhone
		{65D4C8F5-81B0-4693-AEF0-4E0DCA27C8B5}.Release|x86.ActiveCfg = Release|iPhone
	EndGlobalSection
	GlobalSection(SolutionProperties) = preSolution
		HideSolutionNode = FALSE
	EndGlobalSection
	GlobalSection(ExtensibilityGlobals) = postSolution
		SolutionGuid = {73D34451-4FCB-4CF4-ADBA-98B307F4FAB8}
	EndGlobalSection
EndGlobal
